
Microsoft Visual Studio Solution File, Format Version 12.00
# Visual Studio 15
VisualStudioVersion = 15.0.28307.1831
MinimumVisualStudioVersion = 10.0.40219.1
Project("{FAE04EC0-301F-11D3-BF4B-00C04F79EFBC}") = "draw", "draw\draw.csproj", "{21BD7144-AC8F-4006-B2C8-448C2439ACD1}"
EndProject
Global
	GlobalSection(SolutionConfigurationPlatforms) = preSolution
		Debug|Any CPU = Debug|Any CPU
		Release|Any CPU = Release|Any CPU
	EndGlobalSection
	GlobalSection(ProjectConfigurationPlatforms) = postSolution
		{21BD7144-AC8F-4006-B2C8-448C2439ACD1}.Debug|Any CPU.ActiveCfg = Debug|Any CPU
		{21BD7144-AC8F-4006-B2C8-448C2439ACD1}.Debug|Any CPU.Build.0 = Debug|Any CPU
		{21BD7144-AC8F-4006-B2C8-448C2439ACD1}.Release|Any CPU.ActiveCfg = Release|Any CPU
		{21BD7144-AC8F-4006-B2C8-448C2439ACD1}.Release|Any CPU.Build.0 = Release|Any CPU
	EndGlobalSection
	GlobalSection(SolutionProperties) = preSolution
		HideSolutionNode = FALSE
	EndGlobalSection
	GlobalSection(ExtensibilityGlobals) = postSolution
		SolutionGuid = {CA712116-C2C9-4101-94FB-C76409D1B9F8}
	EndGlobalSection
EndGlobal
